
Microsoft Visual Studio Solution File, Format Version 12.00
# Visual Studio Version 16
VisualStudioVersion = 16.0.31205.134
MinimumVisualStudioVersion = 10.0.40219.1
Project("{FAE04EC0-301F-11D3-BF4B-00C04F79EFBC}") = "IOC.Web", "IOC.Web\IOC.Web.csproj", "{FA832BF6-0B43-48D4-8078-2E46870739A1}"
EndProject
Project("{FAE04EC0-301F-11D3-BF4B-00C04F79EFBC}") = "IOC.Ent", "IOC.Ent\IOC.Ent.csproj", "{3F7448F7-4F99-40E5-BF65-7A24D847ADB2}"
EndProject
Project("{FAE04EC0-301F-11D3-BF4B-00C04F79EFBC}") = "IOC.VM", "IOC.VM\IOC.VM.csproj", "{7F9BC504-053D-43FF-995B-EC8B4054658A}"
EndProject
Project("{FAE04EC0-301F-11D3-BF4B-00C04F79EFBC}") = "IOC.Dal", "IOC.Dal\IOC.Dal.csproj", "{F4BBF95B-845D-4C2B-8B49-B7F7F30F6285}"
EndProject
Project("{FAE04EC0-301F-11D3-BF4B-00C04F79EFBC}") = "IOC.Bus", "IOC.Bus\IOC.Bus.csproj", "{4B5048A4-32A6-48AD-A22E-1860A4E8DAAA}"
EndProject
Global
	GlobalSection(SolutionConfigurationPlatforms) = preSolution
		Debug|Any CPU = Debug|Any CPU
		Release|Any CPU = Release|Any CPU
	EndGlobalSection
	GlobalSection(ProjectConfigurationPlatforms) = postSolution
		{FA832BF6-0B43-48D4-8078-2E46870739A1}.Debug|Any CPU.ActiveCfg = Debug|Any CPU
		{FA832BF6-0B43-48D4-8078-2E46870739A1}.Debug|Any CPU.Build.0 = Debug|Any CPU
		{FA832BF6-0B43-48D4-8078-2E46870739A1}.Release|Any CPU.ActiveCfg = Release|Any CPU
		{FA832BF6-0B43-48D4-8078-2E46870739A1}.Release|Any CPU.Build.0 = Release|Any CPU
		{3F7448F7-4F99-40E5-BF65-7A24D847ADB2}.Debug|Any CPU.ActiveCfg = Debug|Any CPU
		{3F7448F7-4F99-40E5-BF65-7A24D847ADB2}.Debug|Any CPU.Build.0 = Debug|Any CPU
		{3F7448F7-4F99-40E5-BF65-7A24D847ADB2}.Release|Any CPU.ActiveCfg = Release|Any CPU
		{3F7448F7-4F99-40E5-BF65-7A24D847ADB2}.Release|Any CPU.Build.0 = Release|Any CPU
		{7F9BC504-053D-43FF-995B-EC8B4054658A}.Debug|Any CPU.ActiveCfg = Debug|Any CPU
		{7F9BC504-053D-43FF-995B-EC8B4054658A}.Debug|Any CPU.Build.0 = Debug|Any CPU
		{7F9BC504-053D-43FF-995B-EC8B4054658A}.Release|Any CPU.ActiveCfg = Release|Any CPU
		{7F9BC504-053D-43FF-995B-EC8B4054658A}.Release|Any CPU.Build.0 = Release|Any CPU
		{F4BBF95B-845D-4C2B-8B49-B7F7F30F6285}.Debug|Any CPU.ActiveCfg = Debug|Any CPU
		{F4BBF95B-845D-4C2B-8B49-B7F7F30F6285}.Debug|Any CPU.Build.0 = Debug|Any CPU
		{F4BBF95B-845D-4C2B-8B49-B7F7F30F6285}.Release|Any CPU.ActiveCfg = Release|Any CPU
		{F4BBF95B-845D-4C2B-8B49-B7F7F30F6285}.Release|Any CPU.Build.0 = Release|Any CPU
		{4B5048A4-32A6-48AD-A22E-1860A4E8DAAA}.Debug|Any CPU.ActiveCfg = Debug|Any CPU
		{4B5048A4-32A6-48AD-A22E-1860A4E8DAAA}.Debug|Any CPU.Build.0 = Debug|Any CPU
		{4B5048A4-32A6-48AD-A22E-1860A4E8DAAA}.Release|Any CPU.ActiveCfg = Release|Any CPU
		{4B5048A4-32A6-48AD-A22E-1860A4E8DAAA}.Release|Any CPU.Build.0 = Release|Any CPU
	EndGlobalSection
	GlobalSection(SolutionProperties) = preSolution
		HideSolutionNode = FALSE
	EndGlobalSection
	GlobalSection(ExtensibilityGlobals) = postSolution
		SolutionGuid = {F2507291-970E-45FA-97FE-11C871F5E508}
	EndGlobalSection
EndGlobal
