
Microsoft Visual Studio Solution File, Format Version 12.00
# Visual Studio Version 16
VisualStudioVersion = 16.0.29326.143
MinimumVisualStudioVersion = 10.0.40219.1
Project("{FAE04EC0-301F-11D3-BF4B-00C04F79EFBC}") = "TemplateMVC.Web", "TemplateMVC.Web\TemplateMVC.Web.csproj", "{3D03F495-BE4E-4B5B-AD5C-5E3A86C925C1}"
EndProject
Project("{FAE04EC0-301F-11D3-BF4B-00C04F79EFBC}") = "TemplateMVC.Dal", "TemplateMVC.Dal\TemplateMVC.Dal.csproj", "{C2C8D2AF-71B0-46CB-8335-2548BDE68BC1}"
EndProject
Project("{FAE04EC0-301F-11D3-BF4B-00C04F79EFBC}") = "TemplateMVC.Ent", "TemplateMVC.Ent\TemplateMVC.Ent.csproj", "{B70DB883-6D94-4EA0-A7DC-C87A6A3D2F8D}"
EndProject
Project("{FAE04EC0-301F-11D3-BF4B-00C04F79EFBC}") = "TemplateMVC.Bus", "TemplateMVC.Bus\TemplateMVC.Bus.csproj", "{D06FBA8C-5E1B-423B-8D14-0F720FA2CD68}"
EndProject
Project("{FAE04EC0-301F-11D3-BF4B-00C04F79EFBC}") = "TemplateMVC.VM", "TemplateMVC.VM\TemplateMVC.VM.csproj", "{F69B97CB-C3D8-4BE1-9140-9F8D96F49B77}"
EndProject
Global
	GlobalSection(SolutionConfigurationPlatforms) = preSolution
		Debug|Any CPU = Debug|Any CPU
		Release|Any CPU = Release|Any CPU
	EndGlobalSection
	GlobalSection(ProjectConfigurationPlatforms) = postSolution
		{3D03F495-BE4E-4B5B-AD5C-5E3A86C925C1}.Debug|Any CPU.ActiveCfg = Debug|Any CPU
		{3D03F495-BE4E-4B5B-AD5C-5E3A86C925C1}.Debug|Any CPU.Build.0 = Debug|Any CPU
		{3D03F495-BE4E-4B5B-AD5C-5E3A86C925C1}.Release|Any CPU.ActiveCfg = Release|Any CPU
		{3D03F495-BE4E-4B5B-AD5C-5E3A86C925C1}.Release|Any CPU.Build.0 = Release|Any CPU
		{C2C8D2AF-71B0-46CB-8335-2548BDE68BC1}.Debug|Any CPU.ActiveCfg = Debug|Any CPU
		{C2C8D2AF-71B0-46CB-8335-2548BDE68BC1}.Debug|Any CPU.Build.0 = Debug|Any CPU
		{C2C8D2AF-71B0-46CB-8335-2548BDE68BC1}.Release|Any CPU.ActiveCfg = Release|Any CPU
		{C2C8D2AF-71B0-46CB-8335-2548BDE68BC1}.Release|Any CPU.Build.0 = Release|Any CPU
		{B70DB883-6D94-4EA0-A7DC-C87A6A3D2F8D}.Debug|Any CPU.ActiveCfg = Debug|Any CPU
		{B70DB883-6D94-4EA0-A7DC-C87A6A3D2F8D}.Debug|Any CPU.Build.0 = Debug|Any CPU
		{B70DB883-6D94-4EA0-A7DC-C87A6A3D2F8D}.Release|Any CPU.ActiveCfg = Release|Any CPU
		{B70DB883-6D94-4EA0-A7DC-C87A6A3D2F8D}.Release|Any CPU.Build.0 = Release|Any CPU
		{D06FBA8C-5E1B-423B-8D14-0F720FA2CD68}.Debug|Any CPU.ActiveCfg = Debug|Any CPU
		{D06FBA8C-5E1B-423B-8D14-0F720FA2CD68}.Debug|Any CPU.Build.0 = Debug|Any CPU
		{D06FBA8C-5E1B-423B-8D14-0F720FA2CD68}.Release|Any CPU.ActiveCfg = Release|Any CPU
		{D06FBA8C-5E1B-423B-8D14-0F720FA2CD68}.Release|Any CPU.Build.0 = Release|Any CPU
		{F69B97CB-C3D8-4BE1-9140-9F8D96F49B77}.Debug|Any CPU.ActiveCfg = Debug|Any CPU
		{F69B97CB-C3D8-4BE1-9140-9F8D96F49B77}.Debug|Any CPU.Build.0 = Debug|Any CPU
		{F69B97CB-C3D8-4BE1-9140-9F8D96F49B77}.Release|Any CPU.ActiveCfg = Release|Any CPU
		{F69B97CB-C3D8-4BE1-9140-9F8D96F49B77}.Release|Any CPU.Build.0 = Release|Any CPU
	EndGlobalSection
	GlobalSection(SolutionProperties) = preSolution
		HideSolutionNode = FALSE
	EndGlobalSection
	GlobalSection(ExtensibilityGlobals) = postSolution
		SolutionGuid = {59B2996C-0DC8-4E0C-B3BA-4C393C211DDF}
	EndGlobalSection
EndGlobal
