
Microsoft Visual Studio Solution File, Format Version 12.00
# Visual Studio Version 16
VisualStudioVersion = 16.0.31205.134
MinimumVisualStudioVersion = 10.0.40219.1
Project("{FAE04EC0-301F-11D3-BF4B-00C04F79EFBC}") = "BankApp", "BankApp\BankApp.csproj", "{DA546282-94D4-4481-9E7D-88D50DE74520}"
EndProject
Global
	GlobalSection(SolutionConfigurationPlatforms) = preSolution
		Debug|Any CPU = Debug|Any CPU
		Release|Any CPU = Release|Any CPU
	EndGlobalSection
	GlobalSection(ProjectConfigurationPlatforms) = postSolution
		{DA546282-94D4-4481-9E7D-88D50DE74520}.Debug|Any CPU.ActiveCfg = Debug|Any CPU
		{DA546282-94D4-4481-9E7D-88D50DE74520}.Debug|Any CPU.Build.0 = Debug|Any CPU
		{DA546282-94D4-4481-9E7D-88D50DE74520}.Release|Any CPU.ActiveCfg = Release|Any CPU
		{DA546282-94D4-4481-9E7D-88D50DE74520}.Release|Any CPU.Build.0 = Release|Any CPU
	EndGlobalSection
	GlobalSection(SolutionProperties) = preSolution
		HideSolutionNode = FALSE
	EndGlobalSection
	GlobalSection(ExtensibilityGlobals) = postSolution
		SolutionGuid = {82193D42-BFB3-4BF9-8E39-83DEE82C3FFA}
	EndGlobalSection
EndGlobal
